
Microsoft Visual Studio Solution File, Format Version 12.00
# Visual Studio Version 16
VisualStudioVersion = 16.0.32630.194
MinimumVisualStudioVersion = 10.0.40219.1
Project("{FAE04EC0-301F-11D3-BF4B-00C04F79EFBC}") = "Practica 1Cp3", "Practica 1Cp3\Practica 1Cp3.csproj", "{04BC5595-3D08-42CE-B3CB-DB43D8D2C24F}"
EndProject
Global
	GlobalSection(SolutionConfigurationPlatforms) = preSolution
		Debug|Any CPU = Debug|Any CPU
		Release|Any CPU = Release|Any CPU
	EndGlobalSection
	GlobalSection(ProjectConfigurationPlatforms) = postSolution
		{04BC5595-3D08-42CE-B3CB-DB43D8D2C24F}.Debug|Any CPU.ActiveCfg = Debug|Any CPU
		{04BC5595-3D08-42CE-B3CB-DB43D8D2C24F}.Debug|Any CPU.Build.0 = Debug|Any CPU
		{04BC5595-3D08-42CE-B3CB-DB43D8D2C24F}.Release|Any CPU.ActiveCfg = Release|Any CPU
		{04BC5595-3D08-42CE-B3CB-DB43D8D2C24F}.Release|Any CPU.Build.0 = Release|Any CPU
	EndGlobalSection
	GlobalSection(SolutionProperties) = preSolution
		HideSolutionNode = FALSE
	EndGlobalSection
	GlobalSection(ExtensibilityGlobals) = postSolution
		SolutionGuid = {6BC16915-96F7-4EB5-AB32-8A6A696ABE65}
	EndGlobalSection
EndGlobal
